// !$*UTF8*$!
{
	archiveVersion = 1;
	classes = {
	};
	objectVersion = 50;
	objects = {

/* Begin PBXBuildFile section */
		BE05BA7320AA1F11002EC8BF /* AppDelegate.swift in Sources */ = {isa = PBXBuildFile; fileRef = BE05BA7220AA1F11002EC8BF /* AppDelegate.swift */; };
		BE05BA7520AA1F11002EC8BF /* ViewController.swift in Sources */ = {isa = PBXBuildFile; fileRef = BE05BA7420AA1F11002EC8BF /* ViewController.swift */; };
		BE05BA7820AA1F11002EC8BF /* Main.storyboard in Resources */ = {isa = PBXBuildFile; fileRef = BE05BA7620AA1F11002EC8BF /* Main.storyboard */; };
		BE05BA7A20AA1F13002EC8BF /* Assets.xcassets in Resources */ = {isa = PBXBuildFile; fileRef = BE05BA7920AA1F13002EC8BF /* Assets.xcassets */; };
		BE05BA7D20AA1F13002EC8BF /* LaunchScreen.storyboard in Resources */ = {isa = PBXBuildFile; fileRef = BE05BA7B20AA1F13002EC8BF /* LaunchScreen.storyboard */; };
		BE05BA8820AA1F13002EC8BF /* UnitTestSampleTests.swift in Sources */ = {isa = PBXBuildFile; fileRef = BE05BA8720AA1F13002EC8BF /* UnitTestSampleTests.swift */; };
		BE05BA9320AA201E002EC8BF /* Car.swift in Sources */ = {isa = PBXBuildFile; fileRef = BE05BA9220AA201E002EC8BF /* Car.swift */; };
		BE05BA9520AA2091002EC8BF /* CarTests.swift in Sources */ = {isa = PBXBuildFile; fileRef = BE05BA9420AA2091002EC8BF /* CarTests.swift */; };
/* End PBXBuildFile section */

/* Begin PBXContainerItemProxy section */
		BE05BA8420AA1F13002EC8BF /* PBXContainerItemProxy */ = {
			isa = PBXContainerItemProxy;
			containerPortal = BE05BA6720AA1F10002EC8BF /* Project object */;
			proxyType = 1;
			remoteGlobalIDString = BE05BA6E20AA1F11002EC8BF;
			remoteInfo = UnitTestSample;
		};
/* End PBXContainerItemProxy section */

/* Begin PBXFileReference section */
		BE05BA6F20AA1F11002EC8BF /* UnitTestSample.app */ = {isa = PBXFileReference; explicitFileType = wrapper.application; includeInIndex = 0; path = UnitTestSample.app; sourceTree = BUILT_PRODUCTS_DIR; };
		BE05BA7220AA1F11002EC8BF /* AppDelegate.swift */ = {isa = PBXFileReference; lastKnownFileType = sourcecode.swift; path = AppDelegate.swift; sourceTree = "<group>"; };
		BE05BA7420AA1F11002EC8BF /* ViewController.swift */ = {isa = PBXFileReference; lastKnownFileType = sourcecode.swift; path = ViewController.swift; sourceTree = "<group>"; };
		BE05BA7720AA1F11002EC8BF /* Base */ = {isa = PBXFileReference; lastKnownFileType = file.storyboard; name = Base; path = Base.lproj/Main.storyboard; sourceTree = "<group>"; };
		BE05BA7920AA1F13002EC8BF /* Assets.xcassets */ = {isa = PBXFileReference; lastKnownFileType = folder.assetcatalog; path = Assets.xcassets; sourceTree = "<group>"; };
		BE05BA7C20AA1F13002EC8BF /* Base */ = {isa = PBXFileReference; lastKnownFileType = file.storyboard; name = Base; path = Base.lproj/LaunchScreen.storyboard; sourceTree = "<group>"; };
		BE05BA7E20AA1F13002EC8BF /* Info.plist */ = {isa = PBXFileReference; lastKnownFileType = text.plist.xml; path = Info.plist; sourceTree = "<group>"; };
		BE05BA8320AA1F13002EC8BF /* UnitTestSampleTests.xctest */ = {isa = PBXFileReference; explicitFileType = wrapper.cfbundle; includeInIndex = 0; path = UnitTestSampleTests.xctest; sourceTree = BUILT_PRODUCTS_DIR; };
		BE05BA8720AA1F13002EC8BF /* UnitTestSampleTests.swift */ = {isa = PBXFileReference; lastKnownFileType = sourcecode.swift; path = UnitTestSampleTests.swift; sourceTree = "<group>"; };
		BE05BA8920AA1F13002EC8BF /* Info.plist */ = {isa = PBXFileReference; lastKnownFileType = text.plist.xml; path = Info.plist; sourceTree = "<group>"; };
		BE05BA9220AA201E002EC8BF /* Car.swift */ = {isa = PBXFileReference; fileEncoding = 4; lastKnownFileType = sourcecode.swift; path = Car.swift; sourceTree = "<group>"; };
		BE05BA9420AA2091002EC8BF /* CarTests.swift */ = {isa = PBXFileReference; fileEncoding = 4; lastKnownFileType = sourcecode.swift; path = CarTests.swift; sourceTree = "<group>"; };
/* End PBXFileReference section */

/* Begin PBXFrameworksBuildPhase section */
		BE05BA6C20AA1F11002EC8BF /* Frameworks */ = {
			isa = PBXFrameworksBuildPhase;
			buildActionMask = 2147483647;
			files = (
			);
			runOnlyForDeploymentPostprocessing = 0;
		};
		BE05BA8020AA1F13002EC8BF /* Frameworks */ = {
			isa = PBXFrameworksBuildPhase;
			buildActionMask = 2147483647;
			files = (
			);
			runOnlyForDeploymentPostprocessing = 0;
		};
/* End PBXFrameworksBuildPhase section */

/* Begin PBXGroup section */
		BE05BA6620AA1F10002EC8BF = {
			isa = PBXGroup;
			children = (
				BE05BA7120AA1F11002EC8BF /* UnitTestSample */,
				BE05BA8620AA1F13002EC8BF /* UnitTestSampleTests */,
				BE05BA7020AA1F11002EC8BF /* Products */,
			);
			sourceTree = "<group>";
		};
		BE05BA7020AA1F11002EC8BF /* Products */ = {
			isa = PBXGroup;
			children = (
				BE05BA6F20AA1F11002EC8BF /* UnitTestSample.app */,
				BE05BA8320AA1F13002EC8BF /* UnitTestSampleTests.xctest */,
			);
			name = Products;
			sourceTree = "<group>";
		};
		BE05BA7120AA1F11002EC8BF /* UnitTestSample */ = {
			isa = PBXGroup;
			children = (
				BE05BA7220AA1F11002EC8BF /* AppDelegate.swift */,
				BE05BA7420AA1F11002EC8BF /* ViewController.swift */,
				BE05BA7620AA1F11002EC8BF /* Main.storyboard */,
				BE05BA7920AA1F13002EC8BF /* Assets.xcassets */,
				BE05BA7B20AA1F13002EC8BF /* LaunchScreen.storyboard */,
				BE05BA7E20AA1F13002EC8BF /* Info.plist */,
				BE05BA9220AA201E002EC8BF /* Car.swift */,
			);
			path = UnitTestSample;
			sourceTree = "<group>";
		};
		BE05BA8620AA1F13002EC8BF /* UnitTestSampleTests */ = {
			isa = PBXGroup;
			children = (
				BE05BA8720AA1F13002EC8BF /* UnitTestSampleTests.swift */,
				BE05BA9420AA2091002EC8BF /* CarTests.swift */,
				BE05BA8920AA1F13002EC8BF /* Info.plist */,
			);
			path = UnitTestSampleTests;
			sourceTree = "<group>";
		};
/* End PBXGroup section */

/* Begin PBXNativeTarget section */
		BE05BA6E20AA1F11002EC8BF /* UnitTestSample */ = {
			isa = PBXNativeTarget;
			buildConfigurationList = BE05BA8C20AA1F13002EC8BF /* Build configuration list for PBXNativeTarget "UnitTestSample" */;
			buildPhases = (
				BE05BA6B20AA1F11002EC8BF /* Sources */,
				BE05BA6C20AA1F11002EC8BF /* Frameworks */,
				BE05BA6D20AA1F11002EC8BF /* Resources */,
			);
			buildRules = (
			);
			dependencies = (
			);
			name = UnitTestSample;
			productName = UnitTestSample;
			productReference = BE05BA6F20AA1F11002EC8BF /* UnitTestSample.app */;
			productType = "com.apple.product-type.application";
		};
		BE05BA8220AA1F13002EC8BF /* UnitTestSampleTests */ = {
			isa = PBXNativeTarget;
			buildConfigurationList = BE05BA8F20AA1F13002EC8BF /* Build configuration list for PBXNativeTarget "UnitTestSampleTests" */;
			buildPhases = (
				BE05BA7F20AA1F13002EC8BF /* Sources */,
				BE05BA8020AA1F13002EC8BF /* Frameworks */,
				BE05BA8120AA1F13002EC8BF /* Resources */,
			);
			buildRules = (
			);
			dependencies = (
				BE05BA8520AA1F13002EC8BF /* PBXTargetDependency */,
			);
			name = UnitTestSampleTests;
			productName = UnitTestSampleTests;
			productReference = BE05BA8320AA1F13002EC8BF /* UnitTestSampleTests.xctest */;
			productType = "com.apple.product-type.bundle.unit-test";
		};
/* End PBXNativeTarget section */

/* Begin PBXProject section */
		BE05BA6720AA1F10002EC8BF /* Project object */ = {
			isa = PBXProject;
			attributes = {
				LastSwiftUpdateCheck = 0930;
				LastUpgradeCheck = 0930;
				ORGANIZATIONNAME = "Anuradha Sharma";
				TargetAttributes = {
					BE05BA6E20AA1F11002EC8BF = {
						CreatedOnToolsVersion = 9.3;
					};
					BE05BA8220AA1F13002EC8BF = {
						CreatedOnToolsVersion = 9.3;
						TestTargetID = BE05BA6E20AA1F11002EC8BF;
					};
				};
			};
			buildConfigurationList = BE05BA6A20AA1F10002EC8BF /* Build configuration list for PBXProject "UnitTestSample" */;
			compatibilityVersion = "Xcode 9.3";
			developmentRegion = en;
			hasScannedForEncodings = 0;
			knownRegions = (
				en,
				Base,
			);
			mainGroup = BE05BA6620AA1F10002EC8BF;
			productRefGroup = BE05BA7020AA1F11002EC8BF /* Products */;
			projectDirPath = "";
			projectRoot = "";
			targets = (
				BE05BA6E20AA1F11002EC8BF /* UnitTestSample */,
				BE05BA8220AA1F13002EC8BF /* UnitTestSampleTests */,
			);
		};
/* End PBXProject section */

/* Begin PBXResourcesBuildPhase section */
		BE05BA6D20AA1F11002EC8BF /* Resources */ = {
			isa = PBXResourcesBuildPhase;
			buildActionMask = 2147483647;
			files = (
				BE05BA7D20AA1F13002EC8BF /* LaunchScreen.storyboard in Resources */,
				BE05BA7A20AA1F13002EC8BF /* Assets.xcassets in Resources */,
				BE05BA7820AA1F11002EC8BF /* Main.storyboard in Resources */,
			);
			runOnlyForDeploymentPostprocessing = 0;
		};
		BE05BA8120AA1F13002EC8BF /* Resources */ = {
			isa = PBXResourcesBuildPhase;
			buildActionMask = 2147483647;
			files = (
			);
			runOnlyForDeploymentPostprocessing = 0;
		};
/* End PBXResourcesBuildPhase section */

/* Begin PBXSourcesBuildPhase section */
		BE05BA6B20AA1F11002EC8BF /* Sources */ = {
			isa = PBXSourcesBuildPhase;
			buildActionMask = 2147483647;
			files = (
				BE05BA7520AA1F11002EC8BF /* ViewController.swift in Sources */,
				BE05BA7320AA1F11002EC8BF /* AppDelegate.swift in Sources */,
				BE05BA9320AA201E002EC8BF /* Car.swift in Sources */,
			);
			runOnlyForDeploymentPostprocessing = 0;
		};
		BE05BA7F20AA1F13002EC8BF /* Sources */ = {
			isa = PBXSourcesBuildPhase;
			buildActionMask = 2147483647;
			files = (
				BE05BA9520AA2091002EC8BF /* CarTests.swift in Sources */,
				BE05BA8820AA1F13002EC8BF /* UnitTestSampleTests.swift in Sources */,
			);
			runOnlyForDeploymentPostprocessing = 0;
		};
/* End PBXSourcesBuildPhase section */

/* Begin PBXTargetDependency section */
		BE05BA8520AA1F13002EC8BF /* PBXTargetDependency */ = {
			isa = PBXTargetDependency;
			target = BE05BA6E20AA1F11002EC8BF /* UnitTestSample */;
			targetProxy = BE05BA8420AA1F13002EC8BF /* PBXContainerItemProxy */;
		};
/* End PBXTargetDependency section */

/* Begin PBXVariantGroup section */
		BE05BA7620AA1F11002EC8BF /* Main.storyboard */ = {
			isa = PBXVariantGroup;
			children = (
				BE05BA7720AA1F11002EC8BF /* Base */,
			);
			name = Main.storyboard;
			sourceTree = "<group>";
		};
		BE05BA7B20AA1F13002EC8BF /* LaunchScreen.storyboard */ = {
			isa = PBXVariantGroup;
			children = (
				BE05BA7C20AA1F13002EC8BF /* Base */,
			);
			name = LaunchScreen.storyboard;
			sourceTree = "<group>";
		};
/* End PBXVariantGroup section */

/* Begin XCBuildConfiguration section */
		BE05BA8A20AA1F13002EC8BF /* Debug */ = {
			isa = XCBuildConfiguration;
			buildSettings = {
				ALWAYS_SEARCH_USER_PATHS = NO;
				CLANG_ANALYZER_NONNULL = YES;
				CLANG_ANALYZER_NUMBER_OBJECT_CONVERSION = YES_AGGRESSIVE;
				CLANG_CXX_LANGUAGE_STANDARD = "gnu++14";
				CLANG_CXX_LIBRARY = "libc++";
				CLANG_ENABLE_MODULES = YES;
				CLANG_ENABLE_OBJC_ARC = YES;
				CLANG_ENABLE_OBJC_WEAK = YES;
				CLANG_WARN_BLOCK_CAPTURE_AUTORELEASING = YES;
				CLANG_WARN_BOOL_CONVERSION = YES;
				CLANG_WARN_COMMA = YES;
				CLANG_WARN_CONSTANT_CONVERSION = YES;
				CLANG_WARN_DEPRECATED_OBJC_IMPLEMENTATIONS = YES;
				CLANG_WARN_DIRECT_OBJC_ISA_USAGE = YES_ERROR;
				CLANG_WARN_DOCUMENTATION_COMMENTS = YES;
				CLANG_WARN_EMPTY_BODY = YES;
				CLANG_WARN_ENUM_CONVERSION = YES;
				CLANG_WARN_INFINITE_RECURSION = YES;
				CLANG_WARN_INT_CONVERSION = YES;
				CLANG_WARN_NON_LITERAL_NULL_CONVERSION = YES;
				CLANG_WARN_OBJC_IMPLICIT_RETAIN_SELF = YES;
				CLANG_WARN_OBJC_LITERAL_CONVERSION = YES;
				CLANG_WARN_OBJC_ROOT_CLASS = YES_ERROR;
				CLANG_WARN_RANGE_LOOP_ANALYSIS = YES;
				CLANG_WARN_STRICT_PROTOTYPES = YES;
				CLANG_WARN_SUSPICIOUS_MOVE = YES;
				CLANG_WARN_UNGUARDED_AVAILABILITY = YES_AGGRESSIVE;
				CLANG_WARN_UNREACHABLE_CODE = YES;
				CLANG_WARN__DUPLICATE_METHOD_MATCH = YES;
				CODE_SIGN_IDENTITY = "iPhone Developer";
				COPY_PHASE_STRIP = NO;
				DEBUG_INFORMATION_FORMAT = dwarf;
				ENABLE_STRICT_OBJC_MSGSEND = YES;
				ENABLE_TESTABILITY = YES;
				GCC_C_LANGUAGE_STANDARD = gnu11;
				GCC_DYNAMIC_NO_PIC = NO;
				GCC_NO_COMMON_BLOCKS = YES;
				GCC_OPTIMIZATION_LEVEL = 0;
				GCC_PREPROCESSOR_DEFINITIONS = (
					"DEBUG=1",
					"$(inherited)",
				);
				GCC_WARN_64_TO_32_BIT_CONVERSION = YES;
				GCC_WARN_ABOUT_RETURN_TYPE = YES_ERROR;
				GCC_WARN_UNDECLARED_SELECTOR = YES;
				GCC_WARN_UNINITIALIZED_AUTOS = YES_AGGRESSIVE;
				GCC_WARN_UNUSED_FUNCTION = YES;
				GCC_WARN_UNUSED_VARIABLE = YES;
				IPHONEOS_DEPLOYMENT_TARGET = 11.3;
				MTL_ENABLE_DEBUG_INFO = YES;
				ONLY_ACTIVE_ARCH = YES;
				SDKROOT = iphoneos;
				SWIFT_ACTIVE_COMPILATION_CONDITIONS = DEBUG;
				SWIFT_OPTIMIZATION_LEVEL = "-Onone";
			};
			name = Debug;
		};
		BE05BA8B20AA1F13002EC8BF /* Release */ = {
			isa = XCBuildConfiguration;
			buildSettings = {
				ALWAYS_SEARCH_USER_PATHS = NO;
				CLANG_ANALYZER_NONNULL = YES;
				CLANG_ANALYZER_NUMBER_OBJECT_CONVERSION = YES_AGGRESSIVE;
				CLANG_CXX_LANGUAGE_STANDARD = "gnu++14";
				CLANG_CXX_LIBRARY = "libc++";
				CLANG_ENABLE_MODULES = YES;
				CLANG_ENABLE_OBJC_ARC = YES;
				CLANG_ENABLE_OBJC_WEAK = YES;
				CLANG_WARN_BLOCK_CAPTURE_AUTORELEASING = YES;
				CLANG_WARN_BOOL_CONVERSION = YES;
				CLANG_WARN_COMMA = YES;
				CLANG_WARN_CONSTANT_CONVERSION = YES;
				CLANG_WARN_DEPRECATED_OBJC_IMPLEMENTATIONS = YES;
				CLANG_WARN_DIRECT_OBJC_ISA_USAGE = YES_ERROR;
				CLANG_WARN_DOCUMENTATION_COMMENTS = YES;
				CLANG_WARN_EMPTY_BODY = YES;
				CLANG_WARN_ENUM_CONVERSION = YES;
				CLANG_WARN_INFINITE_RECURSION = YES;
				CLANG_WARN_INT_CONVERSION = YES;
				CLANG_WARN_NON_LITERAL_NULL_CONVERSION = YES;
				CLANG_WARN_OBJC_IMPLICIT_RETAIN_SELF = YES;
				CLANG_WARN_OBJC_LITERAL_CONVERSION = YES;
				CLANG_WARN_OBJC_ROOT_CLASS = YES_ERROR;
				CLANG_WARN_RANGE_LOOP_ANALYSIS = YES;
				CLANG_WARN_STRICT_PROTOTYPES = YES;
				CLANG_WARN_SUSPICIOUS_MOVE = YES;
				CLANG_WARN_UNGUARDED_AVAILABILITY = YES_AGGRESSIVE;
				CLANG_WARN_UNREACHABLE_CODE = YES;
				CLANG_WARN__DUPLICATE_METHOD_MATCH = YES;
				CODE_SIGN_IDENTITY = "iPhone Developer";
				COPY_PHASE_STRIP = NO;
				DEBUG_INFORMATION_FORMAT = "dwarf-with-dsym";
				ENABLE_NS_ASSERTIONS = NO;
				ENABLE_STRICT_OBJC_MSGSEND = YES;
				GCC_C_LANGUAGE_STANDARD = gnu11;
				GCC_NO_COMMON_BLOCKS = YES;
				GCC_WARN_64_TO_32_BIT_CONVERSION = YES;
				GCC_WARN_ABOUT_RETURN_TYPE = YES_ERROR;
				GCC_WARN_UNDECLARED_SELECTOR = YES;
				GCC_WARN_UNINITIALIZED_AUTOS = YES_AGGRESSIVE;
				GCC_WARN_UNUSED_FUNCTION = YES;
				GCC_WARN_UNUSED_VARIABLE = YES;
				IPHONEOS_DEPLOYMENT_TARGET = 11.3;
				MTL_ENABLE_DEBUG_INFO = NO;
				SDKROOT = iphoneos;
				SWIFT_COMPILATION_MODE = wholemodule;
				SWIFT_OPTIMIZATION_LEVEL = "-O";
				VALIDATE_PRODUCT = YES;
			};
			name = Release;
		};
		BE05BA8D20AA1F13002EC8BF /* Debug */ = {
			isa = XCBuildConfiguration;
			buildSettings = {
				ASSETCATALOG_COMPILER_APPICON_NAME = AppIcon;
				CODE_SIGN_STYLE = Manual;
				DEVELOPMENT_TEAM = "";
				INFOPLIST_FILE = UnitTestSample/Info.plist;
				LD_RUNPATH_SEARCH_PATHS = (
					"$(inherited)",
					"@executable_path/Frameworks",
				);
				PRODUCT_BUNDLE_IDENTIFIER = com.softprodigy.UnitTestSample;
				PRODUCT_NAME = "$(TARGET_NAME)";
				PROVISIONING_PROFILE_SPECIFIER = "";
				SWIFT_VERSION = 4.0;
				TARGETED_DEVICE_FAMILY = "1,2";
			};
			name = Debug;
		};
		BE05BA8E20AA1F13002EC8BF /* Release */ = {
			isa = XCBuildConfiguration;
			buildSettings = {
				ASSETCATALOG_COMPILER_APPICON_NAME = AppIcon;
				CODE_SIGN_STYLE = Manual;
				DEVELOPMENT_TEAM = "";
				INFOPLIST_FILE = UnitTestSample/Info.plist;
				LD_RUNPATH_SEARCH_PATHS = (
					"$(inherited)",
					"@executable_path/Frameworks",
				);
				PRODUCT_BUNDLE_IDENTIFIER = com.softprodigy.UnitTestSample;
				PRODUCT_NAME = "$(TARGET_NAME)";
				PROVISIONING_PROFILE_SPECIFIER = "";
				SWIFT_VERSION = 4.0;
				TARGETED_DEVICE_FAMILY = "1,2";
			};
			name = Release;
		};
		BE05BA9020AA1F13002EC8BF /* Debug */ = {
			isa = XCBuildConfiguration;
			buildSettings = {
				ALWAYS_EMBED_SWIFT_STANDARD_LIBRARIES = YES;
				BUNDLE_LOADER = "$(TEST_HOST)";
				CODE_SIGN_STYLE = Automatic;
				INFOPLIST_FILE = UnitTestSampleTests/Info.plist;
				LD_RUNPATH_SEARCH_PATHS = (
					"$(inherited)",
					"@executable_path/Frameworks",
					"@loader_path/Frameworks",
				);
				PRODUCT_BUNDLE_IDENTIFIER = com.softprodigy.UnitTestSampleTests;
				PRODUCT_NAME = "$(TARGET_NAME)";
				SWIFT_VERSION = 4.0;
				TARGETED_DEVICE_FAMILY = "1,2";
				TEST_HOST = "$(BUILT_PRODUCTS_DIR)/UnitTestSample.app/UnitTestSample";
			};
			name = Debug;
		};
		BE05BA9120AA1F13002EC8BF /* Release */ = {
			isa = XCBuildConfiguration;
			buildSettings = {
				ALWAYS_EMBED_SWIFT_STANDARD_LIBRARIES = YES;
				BUNDLE_LOADER = "$(TEST_HOST)";
				CODE_SIGN_STYLE = Automatic;
				INFOPLIST_FILE = UnitTestSampleTests/Info.plist;
				LD_RUNPATH_SEARCH_PATHS = (
					"$(inherited)",
					"@executable_path/Frameworks",
					"@loader_path/Frameworks",
				);
				PRODUCT_BUNDLE_IDENTIFIER = com.softprodigy.UnitTestSampleTests;
				PRODUCT_NAME = "$(TARGET_NAME)";
				SWIFT_VERSION = 4.0;
				TARGETED_DEVICE_FAMILY = "1,2";
				TEST_HOST = "$(BUILT_PRODUCTS_DIR)/UnitTestSample.app/UnitTestSample";
			};
			name = Release;
		};
/* End XCBuildConfiguration section */

/* Begin XCConfigurationList section */
		BE05BA6A20AA1F10002EC8BF /* Build configuration list for PBXProject "UnitTestSample" */ = {
			isa = XCConfigurationList;
			buildConfigurations = (
				BE05BA8A20AA1F13002EC8BF /* Debug */,
				BE05BA8B20AA1F13002EC8BF /* Release */,
			);
			defaultConfigurationIsVisible = 0;
			defaultConfigurationName = Release;
		};
		BE05BA8C20AA1F13002EC8BF /* Build configuration list for PBXNativeTarget "UnitTestSample" */ = {
			isa = XCConfigurationList;
			buildConfigurations = (
				BE05BA8D20AA1F13002EC8BF /* Debug */,
				BE05BA8E20AA1F13002EC8BF /* Release */,
			);
			defaultConfigurationIsVisible = 0;
			defaultConfigurationName = Release;
		};
		BE05BA8F20AA1F13002EC8BF /* Build configuration list for PBXNativeTarget "UnitTestSampleTests" */ = {
			isa = XCConfigurationList;
			buildConfigurations = (
				BE05BA9020AA1F13002EC8BF /* Debug */,
				BE05BA9120AA1F13002EC8BF /* Release */,
			);
			defaultConfigurationIsVisible = 0;
			defaultConfigurationName = Release;
		};
/* End XCConfigurationList section */
	};
	rootObject = BE05BA6720AA1F10002EC8BF /* Project object */;
}
